
Microsoft Visual Studio Solution File, Format Version 12.00
# Visual Studio Version 17
VisualStudioVersion = 17.6.33815.320
MinimumVisualStudioVersion = 10.0.40219.1
Project("{FAE04EC0-301F-11D3-BF4B-00C04F79EFBC}") = "MambrinoVictoria", "MambrinoVictoria.csproj", "{2ED048B3-942D-4BDB-A7CC-43B5180A6012}"
EndProject
Project("{7CF6DF6D-3B04-46F8-A40B-537D21BCA0B4}") = "Documentacion", "..\Documentacion\Documentacion.shfbproj", "{A3EB4DCA-D108-47B9-BF77-9B4FEBA4333D}"
EndProject
Project("{54435603-DBB4-11D2-8724-00A0C9A8B90C}") = "Mambrino", "..\Mambrino\Mambrino.vdproj", "{D56F4393-C6FF-410F-AD9F-BB801E5F66C2}"
EndProject
Global
	GlobalSection(SolutionConfigurationPlatforms) = preSolution
		Debug|Any CPU = Debug|Any CPU
		Release|Any CPU = Release|Any CPU
	EndGlobalSection
	GlobalSection(ProjectConfigurationPlatforms) = postSolution
		{2ED048B3-942D-4BDB-A7CC-43B5180A6012}.Debug|Any CPU.ActiveCfg = Debug|Any CPU
		{2ED048B3-942D-4BDB-A7CC-43B5180A6012}.Debug|Any CPU.Build.0 = Debug|Any CPU
		{2ED048B3-942D-4BDB-A7CC-43B5180A6012}.Release|Any CPU.ActiveCfg = Release|Any CPU
		{2ED048B3-942D-4BDB-A7CC-43B5180A6012}.Release|Any CPU.Build.0 = Release|Any CPU
		{A3EB4DCA-D108-47B9-BF77-9B4FEBA4333D}.Debug|Any CPU.ActiveCfg = Debug|Any CPU
		{A3EB4DCA-D108-47B9-BF77-9B4FEBA4333D}.Release|Any CPU.ActiveCfg = Release|Any CPU
		{A3EB4DCA-D108-47B9-BF77-9B4FEBA4333D}.Release|Any CPU.Build.0 = Release|Any CPU
		{D56F4393-C6FF-410F-AD9F-BB801E5F66C2}.Debug|Any CPU.ActiveCfg = Debug
		{D56F4393-C6FF-410F-AD9F-BB801E5F66C2}.Release|Any CPU.ActiveCfg = Release
	EndGlobalSection
	GlobalSection(SolutionProperties) = preSolution
		HideSolutionNode = FALSE
	EndGlobalSection
	GlobalSection(ExtensibilityGlobals) = postSolution
		SolutionGuid = {A824D504-4777-44CA-BAD3-33DDBAE93751}
	EndGlobalSection
EndGlobal
